
Microsoft Visual Studio Solution File, Format Version 12.00
# Visual Studio Version 16
VisualStudioVersion = 16.0.30503.244
MinimumVisualStudioVersion = 10.0.40219.1
Project("{FAE04EC0-301F-11D3-BF4B-00C04F79EFBC}") = "webchat", "webchat.csproj", "{4EE50DF4-DB9D-46DD-B547-1B8E124FB0BA}"
EndProject
Global
	GlobalSection(SolutionConfigurationPlatforms) = preSolution
		Debug|Any CPU = Debug|Any CPU
		Release|Any CPU = Release|Any CPU
	EndGlobalSection
	GlobalSection(ProjectConfigurationPlatforms) = postSolution
		{4EE50DF4-DB9D-46DD-B547-1B8E124FB0BA}.Debug|Any CPU.ActiveCfg = Debug|Any CPU
		{4EE50DF4-DB9D-46DD-B547-1B8E124FB0BA}.Debug|Any CPU.Build.0 = Debug|Any CPU
		{4EE50DF4-DB9D-46DD-B547-1B8E124FB0BA}.Release|Any CPU.ActiveCfg = Release|Any CPU
		{4EE50DF4-DB9D-46DD-B547-1B8E124FB0BA}.Release|Any CPU.Build.0 = Release|Any CPU
	EndGlobalSection
	GlobalSection(SolutionProperties) = preSolution
		HideSolutionNode = FALSE
	EndGlobalSection
	GlobalSection(ExtensibilityGlobals) = postSolution
		SolutionGuid = {C3A5AF3B-D5B9-4605-A95D-358EAE1878BB}
	EndGlobalSection
EndGlobal
